
Microsoft Visual Studio Solution File, Format Version 12.00
# Visual Studio 15
VisualStudioVersion = 15.0.27428.2015
MinimumVisualStudioVersion = 10.0.40219.1
Project("{FAE04EC0-301F-11D3-BF4B-00C04F79EFBC}") = "BarcodeScannerDemo", "BarcodeScannerDemo.csproj", "{A494E514-AA06-4233-9759-930ED46D4BE8}"
EndProject
Global
	GlobalSection(SolutionConfigurationPlatforms) = preSolution
		Debug|Any CPU = Debug|Any CPU
		Release|Any CPU = Release|Any CPU
	EndGlobalSection
	GlobalSection(ProjectConfigurationPlatforms) = postSolution
		{A494E514-AA06-4233-9759-930ED46D4BE8}.Debug|Any CPU.ActiveCfg = Debug|Any CPU
		{A494E514-AA06-4233-9759-930ED46D4BE8}.Debug|Any CPU.Build.0 = Debug|Any CPU
		{A494E514-AA06-4233-9759-930ED46D4BE8}.Debug|Any CPU.Deploy.0 = Debug|Any CPU
		{A494E514-AA06-4233-9759-930ED46D4BE8}.Release|Any CPU.ActiveCfg = Release|Any CPU
		{A494E514-AA06-4233-9759-930ED46D4BE8}.Release|Any CPU.Build.0 = Release|Any CPU
		{A494E514-AA06-4233-9759-930ED46D4BE8}.Release|Any CPU.Deploy.0 = Release|Any CPU
	EndGlobalSection
	GlobalSection(SolutionProperties) = preSolution
		HideSolutionNode = FALSE
	EndGlobalSection
	GlobalSection(ExtensibilityGlobals) = postSolution
		SolutionGuid = {A27C3A41-CA03-4556-A57C-962D935D8A9A}
	EndGlobalSection
EndGlobal
